
Microsoft Visual Studio Solution File, Format Version 12.00
# Visual Studio 15
VisualStudioVersion = 15.0.28307.421
MinimumVisualStudioVersion = 10.0.40219.1
Project("{FAE04EC0-301F-11D3-BF4B-00C04F79EFBC}") = "DOTNETQRCode", "DOTNETQRCode\DOTNETQRCode.csproj", "{CC69FCB1-832F-4394-9A98-8C258019C267}"
EndProject
Global
	GlobalSection(SolutionConfigurationPlatforms) = preSolution
		Debug|Any CPU = Debug|Any CPU
		Release|Any CPU = Release|Any CPU
	EndGlobalSection
	GlobalSection(ProjectConfigurationPlatforms) = postSolution
		{CC69FCB1-832F-4394-9A98-8C258019C267}.Debug|Any CPU.ActiveCfg = Debug|Any CPU
		{CC69FCB1-832F-4394-9A98-8C258019C267}.Debug|Any CPU.Build.0 = Debug|Any CPU
		{CC69FCB1-832F-4394-9A98-8C258019C267}.Release|Any CPU.ActiveCfg = Release|Any CPU
		{CC69FCB1-832F-4394-9A98-8C258019C267}.Release|Any CPU.Build.0 = Release|Any CPU
	EndGlobalSection
	GlobalSection(SolutionProperties) = preSolution
		HideSolutionNode = FALSE
	EndGlobalSection
	GlobalSection(ExtensibilityGlobals) = postSolution
		SolutionGuid = {822283BB-CAA1-4621-B4AC-DCA491301BE9}
	EndGlobalSection
EndGlobal
